{
  "version": 4,
  "terraform_version": "1.1.2",
  "serial": 14,
  "lineage": "7a2a84a2-64bc-fa77-3342-e10c9c4e03af",
  "outputs": {
    "webapp_ips": {
      "value": "20.82.19.12,20.82.19.81,20.82.20.86,20.82.20.178,20.82.21.234,20.82.21.254,20.50.2.87",
      "type": "string"
    },
    "webapp_url": {
      "value": "terraform-demo-8072280.azurewebsites.net",
      "type": "string"
    }
  },
  "resources": [
    {
      "mode": "managed",
      "type": "azurerm_app_service",
      "name": "example",
      "provider": "provider[\"registry.terraform.io/hashicorp/azurerm\"]",
      "instances": [
        {
          "schema_version": 0,
          "attributes": {
            "app_service_plan_id": "/subscriptions/83443a1a-41b0-4623-b72d-893bfb473849/resourceGroups/My_Terraform_RG/providers/Microsoft.Web/serverfarms/my-appserviceplan",
            "app_settings": {
              "APPINSIGHTS_INSTRUMENTATIONKEY": "d6996cb4-37ae-4e92-b350-309ede5e67fc",
              "APPINSIGHTS_PROFILERFEATURE_VERSION": "1.0.0",
              "APPINSIGHTS_SNAPSHOTFEATURE_VERSION": "1.0.0",
              "APPLICATIONINSIGHTS_CONNECTION_STRING": "InstrumentationKey=d6996cb4-37ae-4e92-b350-309ede5e67fc;IngestionEndpoint=https://westeurope-1.in.applicationinsights.azure.com/",
              "ApplicationInsightsAgent_EXTENSION_VERSION": "~2",
              "DiagnosticServices_EXTENSION_VERSION": "~3"
            },
            "auth_settings": [
              {
                "active_directory": [],
                "additional_login_params": {},
                "allowed_external_redirect_urls": [],
                "default_provider": "",
                "enabled": false,
                "facebook": [],
                "google": [],
                "issuer": "",
                "microsoft": [],
                "runtime_version": "",
                "token_refresh_extension_hours": 0,
                "token_store_enabled": false,
                "twitter": [],
                "unauthenticated_client_action": ""
              }
            ],
            "backup": [],
            "client_affinity_enabled": false,
            "client_cert_enabled": false,
            "connection_string": [
              {
                "name": "Database",
                "type": "SQLServer",
                "value": "Server=some-server.mydomain.com;Integrated Security=SSPI"
              }
            ],
            "custom_domain_verification_id": "C38A7994350D2D99E38D72697AB42F3817156E9EF2EC1C433DC2A0BD6A6DE45A",
            "default_site_hostname": "terraform-demo-8072280.azurewebsites.net",
            "enabled": true,
            "https_only": false,
            "id": "/subscriptions/83443a1a-41b0-4623-b72d-893bfb473849/resourceGroups/My_Terraform_RG/providers/Microsoft.Web/sites/terraform-demo-8072280",
            "identity": [],
            "location": "westeurope",
            "logs": [
              {
                "application_logs": [
                  {
                    "azure_blob_storage": [],
                    "file_system_level": "Off"
                  }
                ],
                "detailed_error_messages_enabled": false,
                "failed_request_tracing_enabled": false,
                "http_logs": [
                  {
                    "azure_blob_storage": [],
                    "file_system": []
                  }
                ]
              }
            ],
            "name": "terraform-demo-8072280",
            "outbound_ip_address_list": [
              "20.82.19.12",
              "20.82.19.81",
              "20.82.20.86",
              "20.82.20.178",
              "20.82.21.234",
              "20.82.21.254",
              "20.50.2.87"
            ],
            "outbound_ip_addresses": "20.82.19.12,20.82.19.81,20.82.20.86,20.82.20.178,20.82.21.234,20.82.21.254,20.50.2.87",
            "possible_outbound_ip_address_list": [
              "20.82.19.12",
              "20.82.19.81",
              "20.82.20.86",
              "20.82.20.178",
              "20.82.21.234",
              "20.82.21.254",
              "20.82.19.173",
              "20.82.22.29",
              "20.82.22.53",
              "20.82.22.100",
              "20.82.22.119",
              "20.82.22.141",
              "20.82.22.183",
              "20.82.22.243",
              "20.82.23.121",
              "20.82.23.195",
              "20.82.21.132",
              "20.82.23.231",
              "20.82.23.233",
              "20.101.216.117",
              "20.101.216.128",
              "20.82.23.124",
              "20.101.216.169",
              "20.101.216.171",
              "20.82.19.123",
              "20.101.216.181",
              "20.101.216.212",
              "20.101.216.230",
              "20.101.217.81",
              "20.101.217.96",
              "20.50.2.87"
            ],
            "possible_outbound_ip_addresses": "20.82.19.12,20.82.19.81,20.82.20.86,20.82.20.178,20.82.21.234,20.82.21.254,20.82.19.173,20.82.22.29,20.82.22.53,20.82.22.100,20.82.22.119,20.82.22.141,20.82.22.183,20.82.22.243,20.82.23.121,20.82.23.195,20.82.21.132,20.82.23.231,20.82.23.233,20.101.216.117,20.101.216.128,20.82.23.124,20.101.216.169,20.101.216.171,20.82.19.123,20.101.216.181,20.101.216.212,20.101.216.230,20.101.217.81,20.101.217.96,20.50.2.87",
            "resource_group_name": "My_Terraform_RG",
            "site_config": [
              {
                "acr_use_managed_identity_credentials": false,
                "acr_user_managed_identity_client_id": "",
                "always_on": false,
                "app_command_line": "",
                "auto_swap_slot_name": "",
                "cors": [
                  {
                    "allowed_origins": [],
                    "support_credentials": false
                  }
                ],
                "default_documents": null,
                "dotnet_framework_version": "v4.0",
                "ftps_state": "AllAllowed",
                "health_check_path": "",
                "http2_enabled": false,
                "ip_restriction": [],
                "java_container": "",
                "java_container_version": "",
                "java_version": "",
                "linux_fx_version": "",
                "local_mysql_enabled": false,
                "managed_pipeline_mode": "Integrated",
                "min_tls_version": "1.2",
                "number_of_workers": 1,
                "php_version": "",
                "python_version": "",
                "remote_debugging_enabled": false,
                "remote_debugging_version": "VS2019",
                "scm_ip_restriction": [],
                "scm_type": "LocalGit",
                "scm_use_main_ip_restriction": false,
                "use_32_bit_worker_process": false,
                "vnet_route_all_enabled": false,
                "websockets_enabled": false,
                "windows_fx_version": ""
              }
            ],
            "site_credential": [
              {
                "password": "swutX8l3gWJXfC6kagrqcbF5XvvoZrJPnunYwfl54mH3aspD7qtpM4qwd2va",
                "username": "$terraform-demo-8072280"
              }
            ],
            "source_control": [
              {
                "branch": "master",
                "manual_integration": false,
                "repo_url": "https://terraform-demo-8072280.scm.azurewebsites.net",
                "rollback_enabled": false,
                "use_mercurial": false
              }
            ],
            "storage_account": [],
            "tags": null,
            "timeouts": null
          },
          "sensitive_attributes": [
            [
              {
                "type": "get_attr",
                "value": "app_settings"
              },
              {
                "type": "index",
                "value": {
                  "value": "APPINSIGHTS_INSTRUMENTATIONKEY",
                  "type": "string"
                }
              }
            ],
            [
              {
                "type": "get_attr",
                "value": "app_settings"
              },
              {
                "type": "index",
                "value": {
                  "value": "APPLICATIONINSIGHTS_CONNECTION_STRING",
                  "type": "string"
                }
              }
            ]
          ],
          "private": "eyJlMmJmYjczMC1lY2FhLTExZTYtOGY4OC0zNDM2M2JjN2M0YzAiOnsiY3JlYXRlIjoxODAwMDAwMDAwMDAwLCJkZWxldGUiOjE4MDAwMDAwMDAwMDAsInJlYWQiOjMwMDAwMDAwMDAwMCwidXBkYXRlIjoxODAwMDAwMDAwMDAwfX0=",
          "dependencies": [
            "azurerm_app_service_plan.example",
            "azurerm_application_insights.example",
            "azurerm_resource_group.example"
          ]
        }
      ]
    },
    {
      "mode": "managed",
      "type": "azurerm_app_service_plan",
      "name": "example",
      "provider": "provider[\"registry.terraform.io/hashicorp/azurerm\"]",
      "instances": [
        {
          "schema_version": 0,
          "attributes": {
            "app_service_environment_id": "",
            "id": "/subscriptions/83443a1a-41b0-4623-b72d-893bfb473849/resourceGroups/My_Terraform_RG/providers/Microsoft.Web/serverfarms/my-appserviceplan",
            "is_xenon": false,
            "kind": "Windows",
            "location": "westeurope",
            "maximum_elastic_worker_count": 1,
            "maximum_number_of_workers": 10,
            "name": "my-appserviceplan",
            "per_site_scaling": false,
            "reserved": false,
            "resource_group_name": "My_Terraform_RG",
            "sku": [
              {
                "capacity": 1,
                "size": "S1",
                "tier": "Standard"
              }
            ],
            "tags": null,
            "timeouts": null,
            "zone_redundant": false
          },
          "sensitive_attributes": [],
          "private": "eyJlMmJmYjczMC1lY2FhLTExZTYtOGY4OC0zNDM2M2JjN2M0YzAiOnsiY3JlYXRlIjozNjAwMDAwMDAwMDAwLCJkZWxldGUiOjM2MDAwMDAwMDAwMDAsInJlYWQiOjMwMDAwMDAwMDAwMCwidXBkYXRlIjozNjAwMDAwMDAwMDAwfX0=",
          "dependencies": [
            "azurerm_resource_group.example"
          ]
        }
      ]
    },
    {
      "mode": "managed",
      "type": "azurerm_application_insights",
      "name": "example",
      "provider": "provider[\"registry.terraform.io/hashicorp/azurerm\"]",
      "instances": [
        {
          "schema_version": 0,
          "attributes": {
            "app_id": "507b5deb-1faa-477f-ac64-d897f4755b49",
            "application_type": "web",
            "connection_string": "InstrumentationKey=d6996cb4-37ae-4e92-b350-309ede5e67fc;IngestionEndpoint=https://westeurope-1.in.applicationinsights.azure.com/",
            "daily_data_cap_in_gb": 100,
            "daily_data_cap_notifications_disabled": false,
            "disable_ip_masking": false,
            "id": "/subscriptions/83443a1a-41b0-4623-b72d-893bfb473849/resourceGroups/My_Terraform_RG/providers/microsoft.insights/components/tf-test-appinsights",
            "instrumentation_key": "d6996cb4-37ae-4e92-b350-309ede5e67fc",
            "local_authentication_disabled": false,
            "location": "westeurope",
            "name": "tf-test-appinsights",
            "resource_group_name": "My_Terraform_RG",
            "retention_in_days": 90,
            "sampling_percentage": 100,
            "tags": null,
            "timeouts": null,
            "workspace_id": null
          },
          "sensitive_attributes": [],
          "private": "eyJlMmJmYjczMC1lY2FhLTExZTYtOGY4OC0zNDM2M2JjN2M0YzAiOnsiY3JlYXRlIjoxODAwMDAwMDAwMDAwLCJkZWxldGUiOjE4MDAwMDAwMDAwMDAsInJlYWQiOjMwMDAwMDAwMDAwMCwidXBkYXRlIjoxODAwMDAwMDAwMDAwfX0=",
          "dependencies": [
            "azurerm_resource_group.example"
          ]
        }
      ]
    },
    {
      "mode": "managed",
      "type": "azurerm_resource_group",
      "name": "example",
      "provider": "provider[\"registry.terraform.io/hashicorp/azurerm\"]",
      "instances": [
        {
          "schema_version": 0,
          "attributes": {
            "id": "/subscriptions/83443a1a-41b0-4623-b72d-893bfb473849/resourceGroups/My_Terraform_RG",
            "location": "westeurope",
            "name": "My_Terraform_RG",
            "tags": null,
            "timeouts": null
          },
          "sensitive_attributes": [],
          "private": "eyJlMmJmYjczMC1lY2FhLTExZTYtOGY4OC0zNDM2M2JjN2M0YzAiOnsiY3JlYXRlIjo1NDAwMDAwMDAwMDAwLCJkZWxldGUiOjU0MDAwMDAwMDAwMDAsInJlYWQiOjMwMDAwMDAwMDAwMCwidXBkYXRlIjo1NDAwMDAwMDAwMDAwfX0="
        }
      ]
    }
  ]
}
